
Microsoft Visual Studio Solution File, Format Version 12.00
# Visual Studio Version 16
VisualStudioVersion = 16.0.30517.126
MinimumVisualStudioVersion = 10.0.40219.1
Project("{FAE04EC0-301F-11D3-BF4B-00C04F79EFBC}") = "ThinkpadChargeLimit", "ThinkpadChargeLimit\ThinkpadChargeLimit.csproj", "{2D449CCD-3E1F-4BD1-87E6-8E5FF343BD0A}"
EndProject
Project("{FAE04EC0-301F-11D3-BF4B-00C04F79EFBC}") = "UnitTest", "UnitTest\UnitTest.csproj", "{D28FC0A4-5965-4815-8F80-9C81D6767BC3}"
EndProject
Global
	GlobalSection(SolutionConfigurationPlatforms) = preSolution
		Debug|Any CPU = Debug|Any CPU
		Release|Any CPU = Release|Any CPU
	EndGlobalSection
	GlobalSection(ProjectConfigurationPlatforms) = postSolution
		{2D449CCD-3E1F-4BD1-87E6-8E5FF343BD0A}.Debug|Any CPU.ActiveCfg = Debug|Any CPU
		{2D449CCD-3E1F-4BD1-87E6-8E5FF343BD0A}.Debug|Any CPU.Build.0 = Debug|Any CPU
		{2D449CCD-3E1F-4BD1-87E6-8E5FF343BD0A}.Release|Any CPU.ActiveCfg = Release|Any CPU
		{2D449CCD-3E1F-4BD1-87E6-8E5FF343BD0A}.Release|Any CPU.Build.0 = Release|Any CPU
		{D28FC0A4-5965-4815-8F80-9C81D6767BC3}.Debug|Any CPU.ActiveCfg = Debug|Any CPU
		{D28FC0A4-5965-4815-8F80-9C81D6767BC3}.Debug|Any CPU.Build.0 = Debug|Any CPU
		{D28FC0A4-5965-4815-8F80-9C81D6767BC3}.Release|Any CPU.ActiveCfg = Release|Any CPU
		{D28FC0A4-5965-4815-8F80-9C81D6767BC3}.Release|Any CPU.Build.0 = Release|Any CPU
	EndGlobalSection
	GlobalSection(SolutionProperties) = preSolution
		HideSolutionNode = FALSE
	EndGlobalSection
	GlobalSection(ExtensibilityGlobals) = postSolution
		SolutionGuid = {5AD1F634-F530-4734-AA08-39E66B22AA54}
	EndGlobalSection
EndGlobal
